{
  "requires": true,
  "lockfileVersion": 1,
  "dependencies": {
    "alpha-bravo": {
      "version": "2.0.1",
      "resolved": "https://registry.npmjs.org/alpha-bravo/-/alpha-bravo-2.0.1.tgz",
      "integrity": "sha512-fmTwUOiIkm/b0AwpTzFjwdTQXW7b/NMpQHi4IpKLW68miYbYybZS1kNtNSQtf/y7CePa3oqziBuRcdvGktyxzQ=="
    }
  }
}
